
Microsoft Visual Studio Solution File, Format Version 12.00
# Visual Studio Version 17
VisualStudioVersion = 17.5.002.0
MinimumVisualStudioVersion = 10.0.40219.1
Project("{9A19103F-16F7-4668-BE54-9A1E7A4F7556}") = "adventofcode", "adventofcode.csproj", "{74A18FDE-81CB-44FD-875A-A7BEEB8D109B}"
EndProject
Global
	GlobalSection(SolutionConfigurationPlatforms) = preSolution
		Debug|Any CPU = Debug|Any CPU
		Release|Any CPU = Release|Any CPU
	EndGlobalSection
	GlobalSection(ProjectConfigurationPlatforms) = postSolution
		{74A18FDE-81CB-44FD-875A-A7BEEB8D109B}.Debug|Any CPU.ActiveCfg = Debug|Any CPU
		{74A18FDE-81CB-44FD-875A-A7BEEB8D109B}.Debug|Any CPU.Build.0 = Debug|Any CPU
		{74A18FDE-81CB-44FD-875A-A7BEEB8D109B}.Release|Any CPU.ActiveCfg = Release|Any CPU
		{74A18FDE-81CB-44FD-875A-A7BEEB8D109B}.Release|Any CPU.Build.0 = Release|Any CPU
	EndGlobalSection
	GlobalSection(SolutionProperties) = preSolution
		HideSolutionNode = FALSE
	EndGlobalSection
	GlobalSection(ExtensibilityGlobals) = postSolution
		SolutionGuid = {92023DF5-FD3B-4B2E-A49B-73DC92DB1CDF}
	EndGlobalSection
EndGlobal
